{
	"packages": [
		{
			"arch": "amd64",
			"dependencies": [],
			"key": "rocm-core_6.3.4.60304-76_22.04_amd64",
			"name": "rocm-core",
			"sha256": "80ec656c41290335df3609043b4ff52df25de82257d987d2e90a4d86cbc0d080",
			"urls": [
				"https://repo.radeon.com/rocm/apt/6.3.4/pool/main/r/rocm-core/rocm-core_6.3.4.60304-76~22.04_amd64.deb"
			],
			"version": "6.3.4.60304-76~22.04"
		},
		{
			"arch": "amd64",
			"dependencies": [
				{
					"key": "rocm-core_6.3.4.60304-76_22.04_amd64",
					"name": "rocm-core",
					"version": "6.3.4.60304-76~22.04"
				}
			],
			"key": "rocm-smi-lib_7.4.0.60304-76_22.04_amd64",
			"name": "rocm-smi-lib",
			"sha256": "0aa35daa0b6336f7ff58720067e16e7b68efcf423d8be355e11c3a59e7b7bf71",
			"urls": [
				"https://repo.radeon.com/rocm/apt/6.3.4/pool/main/r/rocm-smi-lib/rocm-smi-lib_7.4.0.60304-76~22.04_amd64.deb"
			],
			"version": "7.4.0.60304-76~22.04"
		},
		{
			"arch": "amd64",
			"dependencies": [
				{
					"key": "rocprofiler-register_0.4.0.60304-76_22.04_amd64",
					"name": "rocprofiler-register",
					"version": "0.4.0.60304-76~22.04"
				},
				{
					"key": "rocm-core_6.3.4.60304-76_22.04_amd64",
					"name": "rocm-core",
					"version": "6.3.4.60304-76~22.04"
				}
			],
			"key": "hsa-rocr_1.14.0.60304-76_22.04_amd64",
			"name": "hsa-rocr",
			"sha256": "c78622adcf567f88a22a2a167baf3675d08ebbfb5d98119a17c5a7ae50e14519",
			"urls": [
				"https://repo.radeon.com/rocm/apt/6.3.4/pool/main/h/hsa-rocr/hsa-rocr_1.14.0.60304-76~22.04_amd64.deb"
			],
			"version": "1.14.0.60304-76~22.04"
		},
		{
			"arch": "amd64",
			"dependencies": [
				{
					"key": "rocm-core_6.3.4.60304-76_22.04_amd64",
					"name": "rocm-core",
					"version": "6.3.4.60304-76~22.04"
				}
			],
			"key": "rocprofiler-register_0.4.0.60304-76_22.04_amd64",
			"name": "rocprofiler-register",
			"sha256": "6d4474295d47b73d88d1e3e67b3daa5a731ffb466de09cfcefa1746d653f738d",
			"urls": [
				"https://repo.radeon.com/rocm/apt/6.3.4/pool/main/r/rocprofiler-register/rocprofiler-register_0.4.0.60304-76~22.04_amd64.deb"
			],
			"version": "0.4.0.60304-76~22.04"
		},
		{
			"arch": "amd64",
			"dependencies": [
				{
					"key": "rocm-core_6.3.4.60304-76_22.04_amd64",
					"name": "rocm-core",
					"version": "6.3.4.60304-76~22.04"
				}
			],
			"key": "hsa-amd-aqlprofile_1.0.0.60304-76_22.04_amd64",
			"name": "hsa-amd-aqlprofile",
			"sha256": "9d6eefd1b5002eb15f0fe0a05d3a9936b216a5d63c45aefa6483e5bd122ec937",
			"urls": [
				"https://repo.radeon.com/rocm/apt/6.3.4/pool/main/h/hsa-amd-aqlprofile/hsa-amd-aqlprofile_1.0.0.60304-76~22.04_amd64.deb"
			],
			"version": "1.0.0.60304-76~22.04"
		},
		{
			"arch": "amd64",
			"dependencies": [
				{
					"key": "rocm-core_6.3.4.60304-76_22.04_amd64",
					"name": "rocm-core",
					"version": "6.3.4.60304-76~22.04"
				}
			],
			"key": "comgr_2.8.0.60304-76_22.04_amd64",
			"name": "comgr",
			"sha256": "d5473abde7ab958b6245b7eee4dd502e4b23876d7ac63ad0ff7308e21d774809",
			"urls": [
				"https://repo.radeon.com/rocm/apt/6.3.4/pool/main/c/comgr/comgr_2.8.0.60304-76~22.04_amd64.deb"
			],
			"version": "2.8.0.60304-76~22.04"
		},
		{
			"arch": "amd64",
			"dependencies": [
				{
					"key": "rocm-core_6.3.4.60304-76_22.04_amd64",
					"name": "rocm-core",
					"version": "6.3.4.60304-76~22.04"
				},
				{
					"key": "rocrand_3.2.0.60304-76_22.04_amd64",
					"name": "rocrand",
					"version": "3.2.0.60304-76~22.04"
				},
				{
					"key": "hipblaslt_0.10.0.60304-76_22.04_amd64",
					"name": "hipblaslt",
					"version": "0.10.0.60304-76~22.04"
				},
				{
					"key": "rocblas_4.3.0.60304-76_22.04_amd64",
					"name": "rocblas",
					"version": "4.3.0.60304-76~22.04"
				},
				{
					"key": "hip-runtime-amd_6.3.42134.60304-76_22.04_amd64",
					"name": "hip-runtime-amd",
					"version": "6.3.42134.60304-76~22.04"
				},
				{
					"key": "rocprofiler-register_0.4.0.60304-76_22.04_amd64",
					"name": "rocprofiler-register",
					"version": "0.4.0.60304-76~22.04"
				},
				{
					"key": "comgr_2.8.0.60304-76_22.04_amd64",
					"name": "comgr",
					"version": "2.8.0.60304-76~22.04"
				},
				{
					"key": "rocminfo_1.0.0.60304-76_22.04_amd64",
					"name": "rocminfo",
					"version": "1.0.0.60304-76~22.04"
				},
				{
					"key": "hsa-rocr_1.14.0.60304-76_22.04_amd64",
					"name": "hsa-rocr",
					"version": "1.14.0.60304-76~22.04"
				},
				{
					"key": "roctracer_4.1.60304.60304-76_22.04_amd64",
					"name": "roctracer",
					"version": "4.1.60304.60304-76~22.04"
				}
			],
			"key": "miopen-hip_3.3.0.60304-76_22.04_amd64",
			"name": "miopen-hip",
			"sha256": "4cd1c953cf456b9166f7eb935099c25300aed75b5d51665172d26776e09a0ab0",
			"urls": [
				"https://repo.radeon.com/rocm/apt/6.3.4/pool/main/m/miopen-hip/miopen-hip_3.3.0.60304-76~22.04_amd64.deb"
			],
			"version": "3.3.0.60304-76~22.04"
		},
		{
			"arch": "amd64",
			"dependencies": [],
			"key": "rocrand_3.2.0.60304-76_22.04_amd64",
			"name": "rocrand",
			"sha256": "8c29882110df41ba7fcfb95509093083b5956ad62c5d38a21dd053277a5d4ada",
			"urls": [
				"https://repo.radeon.com/rocm/apt/6.3.4/pool/main/r/rocrand/rocrand_3.2.0.60304-76~22.04_amd64.deb"
			],
			"version": "3.2.0.60304-76~22.04"
		},
		{
			"arch": "amd64",
			"dependencies": [
				{
					"key": "rocm-core_6.3.4.60304-76_22.04_amd64",
					"name": "rocm-core",
					"version": "6.3.4.60304-76~22.04"
				}
			],
			"key": "hipblaslt_0.10.0.60304-76_22.04_amd64",
			"name": "hipblaslt",
			"sha256": "a7765f361fa078b4cb9847a4f9de7c0e3fe6dd079b61e02d3da8a817fd8e1e85",
			"urls": [
				"https://repo.radeon.com/rocm/apt/6.3.4/pool/main/h/hipblaslt/hipblaslt_0.10.0.60304-76~22.04_amd64.deb"
			],
			"version": "0.10.0.60304-76~22.04"
		},
		{
			"arch": "amd64",
			"dependencies": [
				{
					"key": "rocm-core_6.3.4.60304-76_22.04_amd64",
					"name": "rocm-core",
					"version": "6.3.4.60304-76~22.04"
				},
				{
					"key": "hip-runtime-amd_6.3.42134.60304-76_22.04_amd64",
					"name": "hip-runtime-amd",
					"version": "6.3.42134.60304-76~22.04"
				},
				{
					"key": "rocprofiler-register_0.4.0.60304-76_22.04_amd64",
					"name": "rocprofiler-register",
					"version": "0.4.0.60304-76~22.04"
				},
				{
					"key": "comgr_2.8.0.60304-76_22.04_amd64",
					"name": "comgr",
					"version": "2.8.0.60304-76~22.04"
				},
				{
					"key": "rocminfo_1.0.0.60304-76_22.04_amd64",
					"name": "rocminfo",
					"version": "1.0.0.60304-76~22.04"
				},
				{
					"key": "hsa-rocr_1.14.0.60304-76_22.04_amd64",
					"name": "hsa-rocr",
					"version": "1.14.0.60304-76~22.04"
				},
				{
					"key": "hipblaslt_0.10.0.60304-76_22.04_amd64",
					"name": "hipblaslt",
					"version": "0.10.0.60304-76~22.04"
				}
			],
			"key": "rocblas_4.3.0.60304-76_22.04_amd64",
			"name": "rocblas",
			"sha256": "8f3ca6d113ffdc7f478326f243f23b9791b38f2b07fac36a329a34e67b6dc73e",
			"urls": [
				"https://repo.radeon.com/rocm/apt/6.3.4/pool/main/r/rocblas/rocblas_4.3.0.60304-76~22.04_amd64.deb"
			],
			"version": "4.3.0.60304-76~22.04"
		},
		{
			"arch": "amd64",
			"dependencies": [
				{
					"key": "rocprofiler-register_0.4.0.60304-76_22.04_amd64",
					"name": "rocprofiler-register",
					"version": "0.4.0.60304-76~22.04"
				},
				{
					"key": "rocm-core_6.3.4.60304-76_22.04_amd64",
					"name": "rocm-core",
					"version": "6.3.4.60304-76~22.04"
				},
				{
					"key": "comgr_2.8.0.60304-76_22.04_amd64",
					"name": "comgr",
					"version": "2.8.0.60304-76~22.04"
				},
				{
					"key": "rocminfo_1.0.0.60304-76_22.04_amd64",
					"name": "rocminfo",
					"version": "1.0.0.60304-76~22.04"
				},
				{
					"key": "hsa-rocr_1.14.0.60304-76_22.04_amd64",
					"name": "hsa-rocr",
					"version": "1.14.0.60304-76~22.04"
				}
			],
			"key": "hip-runtime-amd_6.3.42134.60304-76_22.04_amd64",
			"name": "hip-runtime-amd",
			"sha256": "d122495575c47125f6a4b1aa53a61d834ce7ab8b429ff86c39751e13197e82d0",
			"urls": [
				"https://repo.radeon.com/rocm/apt/6.3.4/pool/main/h/hip-runtime-amd/hip-runtime-amd_6.3.42134.60304-76~22.04_amd64.deb"
			],
			"version": "6.3.42134.60304-76~22.04"
		},
		{
			"arch": "amd64",
			"dependencies": [],
			"key": "rocminfo_1.0.0.60304-76_22.04_amd64",
			"name": "rocminfo",
			"sha256": "9a7d77959ec3cf4ae3134c2f5341fa0ea37309b083c1ed179aba932566b5a528",
			"urls": [
				"https://repo.radeon.com/rocm/apt/6.3.4/pool/main/r/rocminfo/rocminfo_1.0.0.60304-76~22.04_amd64.deb"
			],
			"version": "1.0.0.60304-76~22.04"
		},
		{
			"arch": "amd64",
			"dependencies": [
				{
					"key": "rocm-core_6.3.4.60304-76_22.04_amd64",
					"name": "rocm-core",
					"version": "6.3.4.60304-76~22.04"
				}
			],
			"key": "roctracer_4.1.60304.60304-76_22.04_amd64",
			"name": "roctracer",
			"sha256": "b8398f10b5f27fe01fce891a64e27963687bb0e63e85bbc11801fe3fcbe30607",
			"urls": [
				"https://repo.radeon.com/rocm/apt/6.3.4/pool/main/r/roctracer/roctracer_4.1.60304.60304-76~22.04_amd64.deb"
			],
			"version": "4.1.60304.60304-76~22.04"
		},
		{
			"arch": "amd64",
			"dependencies": [
				{
					"key": "rocprofiler-register_0.4.0.60304-76_22.04_amd64",
					"name": "rocprofiler-register",
					"version": "0.4.0.60304-76~22.04"
				},
				{
					"key": "rocm-core_6.3.4.60304-76_22.04_amd64",
					"name": "rocm-core",
					"version": "6.3.4.60304-76~22.04"
				},
				{
					"key": "rocm-smi-lib_7.4.0.60304-76_22.04_amd64",
					"name": "rocm-smi-lib",
					"version": "7.4.0.60304-76~22.04"
				},
				{
					"key": "hip-runtime-amd_6.3.42134.60304-76_22.04_amd64",
					"name": "hip-runtime-amd",
					"version": "6.3.42134.60304-76~22.04"
				},
				{
					"key": "comgr_2.8.0.60304-76_22.04_amd64",
					"name": "comgr",
					"version": "2.8.0.60304-76~22.04"
				},
				{
					"key": "rocminfo_1.0.0.60304-76_22.04_amd64",
					"name": "rocminfo",
					"version": "1.0.0.60304-76~22.04"
				},
				{
					"key": "hsa-rocr_1.14.0.60304-76_22.04_amd64",
					"name": "hsa-rocr",
					"version": "1.14.0.60304-76~22.04"
				}
			],
			"key": "rccl_2.21.5.60304-76_22.04_amd64",
			"name": "rccl",
			"sha256": "ee344582ef81140ed81508897ff1b1d096f7a82a489491d14ac5f4b3ae384bc8",
			"urls": [
				"https://repo.radeon.com/rocm/apt/6.3.4/pool/main/r/rccl/rccl_2.21.5.60304-76~22.04_amd64.deb"
			],
			"version": "2.21.5.60304-76~22.04"
		},
		{
			"arch": "amd64",
			"dependencies": [
				{
					"key": "rocm-core_6.3.4.60304-76_22.04_amd64",
					"name": "rocm-core",
					"version": "6.3.4.60304-76~22.04"
				}
			],
			"key": "rocm-device-libs_1.0.0.60304-76_22.04_amd64",
			"name": "rocm-device-libs",
			"sha256": "060ef802fa7516fb1d50c971ceead8acaa1651a7119b75db8e6454d4a58b67d3",
			"urls": [
				"https://repo.radeon.com/rocm/apt/6.3.4/pool/main/r/rocm-device-libs/rocm-device-libs_1.0.0.60304-76~22.04_amd64.deb"
			],
			"version": "1.0.0.60304-76~22.04"
		},
		{
			"arch": "amd64",
			"dependencies": [
				{
					"key": "hsa-rocr-dev_1.14.0.60304-76_22.04_amd64",
					"name": "hsa-rocr-dev",
					"version": "1.14.0.60304-76~22.04"
				},
				{
					"key": "hsa-rocr_1.14.0.60304-76_22.04_amd64",
					"name": "hsa-rocr",
					"version": "1.14.0.60304-76~22.04"
				},
				{
					"key": "rocprofiler-register_0.4.0.60304-76_22.04_amd64",
					"name": "rocprofiler-register",
					"version": "0.4.0.60304-76~22.04"
				},
				{
					"key": "rocm-core_6.3.4.60304-76_22.04_amd64",
					"name": "rocm-core",
					"version": "6.3.4.60304-76~22.04"
				},
				{
					"key": "rocm-llvm_18.0.0.25012.60304-76_22.04_amd64",
					"name": "rocm-llvm",
					"version": "18.0.0.25012.60304-76~22.04"
				},
				{
					"key": "hip-runtime-amd_6.3.42134.60304-76_22.04_amd64",
					"name": "hip-runtime-amd",
					"version": "6.3.42134.60304-76~22.04"
				},
				{
					"key": "comgr_2.8.0.60304-76_22.04_amd64",
					"name": "comgr",
					"version": "2.8.0.60304-76~22.04"
				},
				{
					"key": "rocminfo_1.0.0.60304-76_22.04_amd64",
					"name": "rocminfo",
					"version": "1.0.0.60304-76~22.04"
				}
			],
			"key": "hip-dev_6.3.42134.60304-76_22.04_amd64",
			"name": "hip-dev",
			"sha256": "7a1cb7cbfbc316bbb9dccc101a83ca2ebd6f5fff1a1d86d970f806e777624afd",
			"urls": [
				"https://repo.radeon.com/rocm/apt/6.3.4/pool/main/h/hip-dev/hip-dev_6.3.42134.60304-76~22.04_amd64.deb"
			],
			"version": "6.3.42134.60304-76~22.04"
		},
		{
			"arch": "amd64",
			"dependencies": [],
			"key": "hsa-rocr-dev_1.14.0.60304-76_22.04_amd64",
			"name": "hsa-rocr-dev",
			"sha256": "4c6d435b47e87064a4478eb5b6c19de21a4b0e425a51dbe027a3cce2d1bfd048",
			"urls": [
				"https://repo.radeon.com/rocm/apt/6.3.4/pool/main/h/hsa-rocr-dev/hsa-rocr-dev_1.14.0.60304-76~22.04_amd64.deb"
			],
			"version": "1.14.0.60304-76~22.04"
		},
		{
			"arch": "amd64",
			"dependencies": [
				{
					"key": "rocm-core_6.3.4.60304-76_22.04_amd64",
					"name": "rocm-core",
					"version": "6.3.4.60304-76~22.04"
				}
			],
			"key": "rocm-llvm_18.0.0.25012.60304-76_22.04_amd64",
			"name": "rocm-llvm",
			"sha256": "3de2e3b758b1fbe11d83915e0672f152cb0ecfab6b210b714fdbee8856030ba6",
			"urls": [
				"https://repo.radeon.com/rocm/apt/6.3.4/pool/main/r/rocm-llvm/rocm-llvm_18.0.0.25012.60304-76~22.04_amd64.deb"
			],
			"version": "18.0.0.25012.60304-76~22.04"
		},
		{
			"arch": "amd64",
			"dependencies": [
				{
					"key": "hipblaslt_0.10.0.60304-76_22.04_amd64",
					"name": "hipblaslt",
					"version": "0.10.0.60304-76~22.04"
				},
				{
					"key": "rocm-core_6.3.4.60304-76_22.04_amd64",
					"name": "rocm-core",
					"version": "6.3.4.60304-76~22.04"
				},
				{
					"key": "hipblas-common-dev_1.0.0.60304-76_22.04_amd64",
					"name": "hipblas-common-dev",
					"version": "1.0.0.60304-76~22.04"
				}
			],
			"key": "hipblaslt-dev_0.10.0.60304-76_22.04_amd64",
			"name": "hipblaslt-dev",
			"sha256": "5bbd7d19a05b389400732ecec5cc16df25a6c536c54de1d554ea1b74a64772ff",
			"urls": [
				"https://repo.radeon.com/rocm/apt/6.3.4/pool/main/h/hipblaslt-dev/hipblaslt-dev_0.10.0.60304-76~22.04_amd64.deb"
			],
			"version": "0.10.0.60304-76~22.04"
		},
		{
			"arch": "amd64",
			"dependencies": [],
			"key": "hipblas-common-dev_1.0.0.60304-76_22.04_amd64",
			"name": "hipblas-common-dev",
			"sha256": "7a03e99f09cefaea9b13a59fc41def4214fff9a90cf05ab19be0f83ef9653b5e",
			"urls": [
				"https://repo.radeon.com/rocm/apt/6.3.4/pool/main/h/hipblas-common-dev/hipblas-common-dev_1.0.0.60304-76~22.04_amd64.deb"
			],
			"version": "1.0.0.60304-76~22.04"
		}
	],
	"version": 1
}