{
	"packages": [
		{
			"arch": "amd64",
			"dependencies": [
				{
					"key": "gcc-13-aarch64-linux-gnu_13.3.0-6ubuntu2_24.04.1cross1_amd64",
					"name": "gcc-13-aarch64-linux-gnu",
					"version": "13.3.0-6ubuntu2~24.04.1cross1"
				},
				{
					"key": "zlib1g_1-1.3.dfsg-3.1ubuntu2.1_amd64",
					"name": "zlib1g",
					"version": "1:1.3.dfsg-3.1ubuntu2.1"
				},
				{
					"key": "libc6_2.39-0ubuntu8.7_amd64",
					"name": "libc6",
					"version": "2.39-0ubuntu8.7"
				},
				{
					"key": "libgcc-s1_14.2.0-4ubuntu2_24.04.1_amd64",
					"name": "libgcc-s1",
					"version": "14.2.0-4ubuntu2~24.04.1"
				},
				{
					"key": "gcc-14-base_14.2.0-4ubuntu2_24.04.1_amd64",
					"name": "gcc-14-base",
					"version": "14.2.0-4ubuntu2~24.04.1"
				},
				{
					"key": "libzstd1_1.5.5-p-dfsg2-2build1.1_amd64",
					"name": "libzstd1",
					"version": "1.5.5+dfsg2-2build1.1"
				},
				{
					"key": "libstdc-p--p-6_14.2.0-4ubuntu2_24.04.1_amd64",
					"name": "libstdc++6",
					"version": "14.2.0-4ubuntu2~24.04.1"
				},
				{
					"key": "libmpfr6_4.2.1-1build1.1_amd64",
					"name": "libmpfr6",
					"version": "4.2.1-1build1.1"
				},
				{
					"key": "libgmp10_2-6.3.0-p-dfsg-2ubuntu6.1_amd64",
					"name": "libgmp10",
					"version": "2:6.3.0+dfsg-2ubuntu6.1"
				},
				{
					"key": "libmpc3_1.3.1-1build1.1_amd64",
					"name": "libmpc3",
					"version": "1.3.1-1build1.1"
				},
				{
					"key": "libisl23_0.26-3build1.1_amd64",
					"name": "libisl23",
					"version": "0.26-3build1.1"
				},
				{
					"key": "libgcc-13-dev-arm64-cross_13.3.0-6ubuntu2_24.04.1cross1_amd64",
					"name": "libgcc-13-dev-arm64-cross",
					"version": "13.3.0-6ubuntu2~24.04.1cross1"
				},
				{
					"key": "libhwasan0-arm64-cross_14.2.0-4ubuntu2_24.04.1cross1_amd64",
					"name": "libhwasan0-arm64-cross",
					"version": "14.2.0-4ubuntu2~24.04.1cross1"
				},
				{
					"key": "libgcc-s1-arm64-cross_14.2.0-4ubuntu2_24.04.1cross1_amd64",
					"name": "libgcc-s1-arm64-cross",
					"version": "14.2.0-4ubuntu2~24.04.1cross1"
				},
				{
					"key": "libc6-arm64-cross_2.39-0ubuntu8cross1_amd64",
					"name": "libc6-arm64-cross",
					"version": "2.39-0ubuntu8cross1"
				},
				{
					"key": "gcc-14-cross-base_14.2.0-4ubuntu2_24.04.1cross1_amd64",
					"name": "gcc-14-cross-base",
					"version": "14.2.0-4ubuntu2~24.04.1cross1"
				},
				{
					"key": "libubsan1-arm64-cross_14.2.0-4ubuntu2_24.04.1cross1_amd64",
					"name": "libubsan1-arm64-cross",
					"version": "14.2.0-4ubuntu2~24.04.1cross1"
				},
				{
					"key": "libstdc-p--p-6-arm64-cross_14.2.0-4ubuntu2_24.04.1cross1_amd64",
					"name": "libstdc++6-arm64-cross",
					"version": "14.2.0-4ubuntu2~24.04.1cross1"
				},
				{
					"key": "libtsan2-arm64-cross_14.2.0-4ubuntu2_24.04.1cross1_amd64",
					"name": "libtsan2-arm64-cross",
					"version": "14.2.0-4ubuntu2~24.04.1cross1"
				},
				{
					"key": "liblsan0-arm64-cross_14.2.0-4ubuntu2_24.04.1cross1_amd64",
					"name": "liblsan0-arm64-cross",
					"version": "14.2.0-4ubuntu2~24.04.1cross1"
				},
				{
					"key": "libasan8-arm64-cross_14.2.0-4ubuntu2_24.04.1cross1_amd64",
					"name": "libasan8-arm64-cross",
					"version": "14.2.0-4ubuntu2~24.04.1cross1"
				},
				{
					"key": "libatomic1-arm64-cross_14.2.0-4ubuntu2_24.04.1cross1_amd64",
					"name": "libatomic1-arm64-cross",
					"version": "14.2.0-4ubuntu2~24.04.1cross1"
				},
				{
					"key": "libitm1-arm64-cross_14.2.0-4ubuntu2_24.04.1cross1_amd64",
					"name": "libitm1-arm64-cross",
					"version": "14.2.0-4ubuntu2~24.04.1cross1"
				},
				{
					"key": "libgomp1-arm64-cross_14.2.0-4ubuntu2_24.04.1cross1_amd64",
					"name": "libgomp1-arm64-cross",
					"version": "14.2.0-4ubuntu2~24.04.1cross1"
				},
				{
					"key": "gcc-13-cross-base_13.3.0-6ubuntu2_24.04.1cross1_amd64",
					"name": "gcc-13-cross-base",
					"version": "13.3.0-6ubuntu2~24.04.1cross1"
				},
				{
					"key": "binutils-aarch64-linux-gnu_2.42-4ubuntu2.10_amd64",
					"name": "binutils-aarch64-linux-gnu",
					"version": "2.42-4ubuntu2.10"
				},
				{
					"key": "libsframe1_2.42-4ubuntu2.10_amd64",
					"name": "libsframe1",
					"version": "2.42-4ubuntu2.10"
				},
				{
					"key": "libjansson4_2.14-2build2_amd64",
					"name": "libjansson4",
					"version": "2.14-2build2"
				},
				{
					"key": "binutils-common_2.42-4ubuntu2.10_amd64",
					"name": "binutils-common",
					"version": "2.42-4ubuntu2.10"
				},
				{
					"key": "libcc1-0_14.2.0-4ubuntu2_24.04.1_amd64",
					"name": "libcc1-0",
					"version": "14.2.0-4ubuntu2~24.04.1"
				},
				{
					"key": "gcc-13-aarch64-linux-gnu-base_13.3.0-6ubuntu2_24.04.1cross1_amd64",
					"name": "gcc-13-aarch64-linux-gnu-base",
					"version": "13.3.0-6ubuntu2~24.04.1cross1"
				},
				{
					"key": "cpp-13-aarch64-linux-gnu_13.3.0-6ubuntu2_24.04.1cross1_amd64",
					"name": "cpp-13-aarch64-linux-gnu",
					"version": "13.3.0-6ubuntu2~24.04.1cross1"
				},
				{
					"key": "cpp-aarch64-linux-gnu_4-13.2.0-7ubuntu1_amd64",
					"name": "cpp-aarch64-linux-gnu",
					"version": "4:13.2.0-7ubuntu1"
				}
			],
			"key": "gcc-aarch64-linux-gnu_4-13.2.0-7ubuntu1_amd64",
			"name": "gcc-aarch64-linux-gnu",
			"sha256": "4e6c8886c95e5dc4a96e092e5431bbd3c1a2a265cd388a65599fe8d15fbe712a",
			"urls": [
				"https://snapshot.ubuntu.com/ubuntu/20260715T000000Z/pool/main/g/gcc-defaults/gcc-aarch64-linux-gnu_13.2.0-7ubuntu1_amd64.deb"
			],
			"version": "4:13.2.0-7ubuntu1"
		},
		{
			"arch": "amd64",
			"dependencies": [],
			"key": "gcc-13-aarch64-linux-gnu_13.3.0-6ubuntu2_24.04.1cross1_amd64",
			"name": "gcc-13-aarch64-linux-gnu",
			"sha256": "154d549389d13010bc0ef2e89c7870e22c4193afa69335f8e57c5fc891e75578",
			"urls": [
				"https://snapshot.ubuntu.com/ubuntu/20260715T000000Z/pool/main/g/gcc-13-cross/gcc-13-aarch64-linux-gnu_13.3.0-6ubuntu2~24.04.1cross1_amd64.deb"
			],
			"version": "13.3.0-6ubuntu2~24.04.1cross1"
		},
		{
			"arch": "amd64",
			"dependencies": [],
			"key": "zlib1g_1-1.3.dfsg-3.1ubuntu2.1_amd64",
			"name": "zlib1g",
			"sha256": "7074b6a2f6367a10d280c00a1cb02e74277709180bab4f2491a2f355ab2d6c20",
			"urls": [
				"https://snapshot.ubuntu.com/ubuntu/20260715T000000Z/pool/main/z/zlib/zlib1g_1.3.dfsg-3.1ubuntu2.1_amd64.deb"
			],
			"version": "1:1.3.dfsg-3.1ubuntu2.1"
		},
		{
			"arch": "amd64",
			"dependencies": [],
			"key": "libc6_2.39-0ubuntu8.7_amd64",
			"name": "libc6",
			"sha256": "955644e8bc2930a9bf8eea5e4c2237c8a118c1e2ac2845b993b6f7f35eefd293",
			"urls": [
				"https://snapshot.ubuntu.com/ubuntu/20260715T000000Z/pool/main/g/glibc/libc6_2.39-0ubuntu8.7_amd64.deb"
			],
			"version": "2.39-0ubuntu8.7"
		},
		{
			"arch": "amd64",
			"dependencies": [],
			"key": "libgcc-s1_14.2.0-4ubuntu2_24.04.1_amd64",
			"name": "libgcc-s1",
			"sha256": "aa7fadbe33b78bcf99885318040601c550c208929565b179891d9a3cc2aa68cd",
			"urls": [
				"https://snapshot.ubuntu.com/ubuntu/20260715T000000Z/pool/main/g/gcc-14/libgcc-s1_14.2.0-4ubuntu2~24.04.1_amd64.deb"
			],
			"version": "14.2.0-4ubuntu2~24.04.1"
		},
		{
			"arch": "amd64",
			"dependencies": [],
			"key": "gcc-14-base_14.2.0-4ubuntu2_24.04.1_amd64",
			"name": "gcc-14-base",
			"sha256": "b95c172411a7fdae70307cf33a9f5320ba5e056b556454543dd5b679d5ce1c4f",
			"urls": [
				"https://snapshot.ubuntu.com/ubuntu/20260715T000000Z/pool/main/g/gcc-14/gcc-14-base_14.2.0-4ubuntu2~24.04.1_amd64.deb"
			],
			"version": "14.2.0-4ubuntu2~24.04.1"
		},
		{
			"arch": "amd64",
			"dependencies": [],
			"key": "libzstd1_1.5.5-p-dfsg2-2build1.1_amd64",
			"name": "libzstd1",
			"sha256": "dfcf25061e07aad7efd3f4f880ba5ad4d4d09ebe7fc8cc77ab6b8a161d6d4727",
			"urls": [
				"https://snapshot.ubuntu.com/ubuntu/20260715T000000Z/pool/main/libz/libzstd/libzstd1_1.5.5+dfsg2-2build1.1_amd64.deb"
			],
			"version": "1.5.5+dfsg2-2build1.1"
		},
		{
			"arch": "amd64",
			"dependencies": [
				{
					"key": "libgcc-s1_14.2.0-4ubuntu2_24.04.1_amd64",
					"name": "libgcc-s1",
					"version": "14.2.0-4ubuntu2~24.04.1"
				},
				{
					"key": "libc6_2.39-0ubuntu8.7_amd64",
					"name": "libc6",
					"version": "2.39-0ubuntu8.7"
				},
				{
					"key": "gcc-14-base_14.2.0-4ubuntu2_24.04.1_amd64",
					"name": "gcc-14-base",
					"version": "14.2.0-4ubuntu2~24.04.1"
				}
			],
			"key": "libstdc-p--p-6_14.2.0-4ubuntu2_24.04.1_amd64",
			"name": "libstdc++6",
			"sha256": "a51f8de7829211db961a31f02158058ad1a95f92ac6d0a5dff6350e2821c54c0",
			"urls": [
				"https://snapshot.ubuntu.com/ubuntu/20260715T000000Z/pool/main/g/gcc-14/libstdc++6_14.2.0-4ubuntu2~24.04.1_amd64.deb"
			],
			"version": "14.2.0-4ubuntu2~24.04.1"
		},
		{
			"arch": "amd64",
			"dependencies": [],
			"key": "libmpfr6_4.2.1-1build1.1_amd64",
			"name": "libmpfr6",
			"sha256": "aebc1c8b69a1f98bb43dfc268daecd181116dbf40b13ee4e822eb4bdd52b493a",
			"urls": [
				"https://snapshot.ubuntu.com/ubuntu/20260715T000000Z/pool/main/m/mpfr4/libmpfr6_4.2.1-1build1.1_amd64.deb"
			],
			"version": "4.2.1-1build1.1"
		},
		{
			"arch": "amd64",
			"dependencies": [],
			"key": "libgmp10_2-6.3.0-p-dfsg-2ubuntu6.1_amd64",
			"name": "libgmp10",
			"sha256": "285f8a505dfa8e1b33f357a9d8d3477ad35bf18c0b34771a6df4c25923f3ae0d",
			"urls": [
				"https://snapshot.ubuntu.com/ubuntu/20260715T000000Z/pool/main/g/gmp/libgmp10_6.3.0+dfsg-2ubuntu6.1_amd64.deb"
			],
			"version": "2:6.3.0+dfsg-2ubuntu6.1"
		},
		{
			"arch": "amd64",
			"dependencies": [],
			"key": "libmpc3_1.3.1-1build1.1_amd64",
			"name": "libmpc3",
			"sha256": "cebe6098bb3d66fdacac9dc6fe406a651216d9c00f27c3f9c159d15d96cdf864",
			"urls": [
				"https://snapshot.ubuntu.com/ubuntu/20260715T000000Z/pool/main/m/mpclib3/libmpc3_1.3.1-1build1.1_amd64.deb"
			],
			"version": "1.3.1-1build1.1"
		},
		{
			"arch": "amd64",
			"dependencies": [],
			"key": "libisl23_0.26-3build1.1_amd64",
			"name": "libisl23",
			"sha256": "4e040926e50fb961fae9bf95660189d468336a4a17bc321872c434fc8f777e7f",
			"urls": [
				"https://snapshot.ubuntu.com/ubuntu/20260715T000000Z/pool/main/i/isl/libisl23_0.26-3build1.1_amd64.deb"
			],
			"version": "0.26-3build1.1"
		},
		{
			"arch": "amd64",
			"dependencies": [],
			"key": "libgcc-13-dev-arm64-cross_13.3.0-6ubuntu2_24.04.1cross1_amd64",
			"name": "libgcc-13-dev-arm64-cross",
			"sha256": "eda9d79e18170fd46ee0ed62aa391f52bfe8c1a336d53162f2e1c0a675af548f",
			"urls": [
				"https://snapshot.ubuntu.com/ubuntu/20260715T000000Z/pool/main/g/gcc-13-cross/libgcc-13-dev-arm64-cross_13.3.0-6ubuntu2~24.04.1cross1_all.deb"
			],
			"version": "13.3.0-6ubuntu2~24.04.1cross1"
		},
		{
			"arch": "amd64",
			"dependencies": [],
			"key": "libhwasan0-arm64-cross_14.2.0-4ubuntu2_24.04.1cross1_amd64",
			"name": "libhwasan0-arm64-cross",
			"sha256": "6165c11d179029ae33e12770a6667202f4a6d504b978610c9b3da0b2d165f0d5",
			"urls": [
				"https://snapshot.ubuntu.com/ubuntu/20260715T000000Z/pool/main/g/gcc-14-cross/libhwasan0-arm64-cross_14.2.0-4ubuntu2~24.04.1cross1_all.deb"
			],
			"version": "14.2.0-4ubuntu2~24.04.1cross1"
		},
		{
			"arch": "amd64",
			"dependencies": [],
			"key": "libgcc-s1-arm64-cross_14.2.0-4ubuntu2_24.04.1cross1_amd64",
			"name": "libgcc-s1-arm64-cross",
			"sha256": "be13b35e1c56c4158817e668f442a363db6f4e13b2ffed1ef6cf91df9961e35d",
			"urls": [
				"https://snapshot.ubuntu.com/ubuntu/20260715T000000Z/pool/main/g/gcc-14-cross/libgcc-s1-arm64-cross_14.2.0-4ubuntu2~24.04.1cross1_all.deb"
			],
			"version": "14.2.0-4ubuntu2~24.04.1cross1"
		},
		{
			"arch": "amd64",
			"dependencies": [],
			"key": "libc6-arm64-cross_2.39-0ubuntu8cross1_amd64",
			"name": "libc6-arm64-cross",
			"sha256": "76547cb8a4d7f057e23dcade45a17fc0f3d5c2fa0d3ff125bca56f7c4ecd7a07",
			"urls": [
				"https://snapshot.ubuntu.com/ubuntu/20260715T000000Z/pool/main/c/cross-toolchain-base/libc6-arm64-cross_2.39-0ubuntu8cross1_all.deb"
			],
			"version": "2.39-0ubuntu8cross1"
		},
		{
			"arch": "amd64",
			"dependencies": [],
			"key": "gcc-14-cross-base_14.2.0-4ubuntu2_24.04.1cross1_amd64",
			"name": "gcc-14-cross-base",
			"sha256": "ed29eff7b53f6c6b10c42bb9539487d1867f119e84f5f678c02411a34b5c09f3",
			"urls": [
				"https://snapshot.ubuntu.com/ubuntu/20260715T000000Z/pool/main/g/gcc-14-cross/gcc-14-cross-base_14.2.0-4ubuntu2~24.04.1cross1_all.deb"
			],
			"version": "14.2.0-4ubuntu2~24.04.1cross1"
		},
		{
			"arch": "amd64",
			"dependencies": [],
			"key": "libubsan1-arm64-cross_14.2.0-4ubuntu2_24.04.1cross1_amd64",
			"name": "libubsan1-arm64-cross",
			"sha256": "1a5b3c11901ba5a65b8cadec57ca1af1b567df5bbe7d88d36b2da774fb939a48",
			"urls": [
				"https://snapshot.ubuntu.com/ubuntu/20260715T000000Z/pool/main/g/gcc-14-cross/libubsan1-arm64-cross_14.2.0-4ubuntu2~24.04.1cross1_all.deb"
			],
			"version": "14.2.0-4ubuntu2~24.04.1cross1"
		},
		{
			"arch": "amd64",
			"dependencies": [],
			"key": "libstdc-p--p-6-arm64-cross_14.2.0-4ubuntu2_24.04.1cross1_amd64",
			"name": "libstdc++6-arm64-cross",
			"sha256": "5b9168ad31befddb46fe1b6af88aa90bec0fc63c0abfb4f9c68c2cfcc2acda95",
			"urls": [
				"https://snapshot.ubuntu.com/ubuntu/20260715T000000Z/pool/main/g/gcc-14-cross/libstdc++6-arm64-cross_14.2.0-4ubuntu2~24.04.1cross1_all.deb"
			],
			"version": "14.2.0-4ubuntu2~24.04.1cross1"
		},
		{
			"arch": "amd64",
			"dependencies": [],
			"key": "libtsan2-arm64-cross_14.2.0-4ubuntu2_24.04.1cross1_amd64",
			"name": "libtsan2-arm64-cross",
			"sha256": "9a67551170ab1305e6ed4797f90bd0af5a696b0799b43aeac09e4ff11bfced67",
			"urls": [
				"https://snapshot.ubuntu.com/ubuntu/20260715T000000Z/pool/main/g/gcc-14-cross/libtsan2-arm64-cross_14.2.0-4ubuntu2~24.04.1cross1_all.deb"
			],
			"version": "14.2.0-4ubuntu2~24.04.1cross1"
		},
		{
			"arch": "amd64",
			"dependencies": [],
			"key": "liblsan0-arm64-cross_14.2.0-4ubuntu2_24.04.1cross1_amd64",
			"name": "liblsan0-arm64-cross",
			"sha256": "b5fd148de67b79fd8308b51270f5cc6eef893d47aaaace297bf4680eeae96e32",
			"urls": [
				"https://snapshot.ubuntu.com/ubuntu/20260715T000000Z/pool/main/g/gcc-14-cross/liblsan0-arm64-cross_14.2.0-4ubuntu2~24.04.1cross1_all.deb"
			],
			"version": "14.2.0-4ubuntu2~24.04.1cross1"
		},
		{
			"arch": "amd64",
			"dependencies": [],
			"key": "libasan8-arm64-cross_14.2.0-4ubuntu2_24.04.1cross1_amd64",
			"name": "libasan8-arm64-cross",
			"sha256": "7e65c44cda6a9c3be17f5042fe1f0e403d9c959797f3d876345a9c66310724d3",
			"urls": [
				"https://snapshot.ubuntu.com/ubuntu/20260715T000000Z/pool/main/g/gcc-14-cross/libasan8-arm64-cross_14.2.0-4ubuntu2~24.04.1cross1_all.deb"
			],
			"version": "14.2.0-4ubuntu2~24.04.1cross1"
		},
		{
			"arch": "amd64",
			"dependencies": [],
			"key": "libatomic1-arm64-cross_14.2.0-4ubuntu2_24.04.1cross1_amd64",
			"name": "libatomic1-arm64-cross",
			"sha256": "1c24a0d6dfcd52492797f8f534a5d696bc70a58e214d16796ec823b417c36ac3",
			"urls": [
				"https://snapshot.ubuntu.com/ubuntu/20260715T000000Z/pool/main/g/gcc-14-cross/libatomic1-arm64-cross_14.2.0-4ubuntu2~24.04.1cross1_all.deb"
			],
			"version": "14.2.0-4ubuntu2~24.04.1cross1"
		},
		{
			"arch": "amd64",
			"dependencies": [],
			"key": "libitm1-arm64-cross_14.2.0-4ubuntu2_24.04.1cross1_amd64",
			"name": "libitm1-arm64-cross",
			"sha256": "b0b309433d79b119987c3c7b84bbbbbf26650206e1f48d20cd009c4750b67757",
			"urls": [
				"https://snapshot.ubuntu.com/ubuntu/20260715T000000Z/pool/main/g/gcc-14-cross/libitm1-arm64-cross_14.2.0-4ubuntu2~24.04.1cross1_all.deb"
			],
			"version": "14.2.0-4ubuntu2~24.04.1cross1"
		},
		{
			"arch": "amd64",
			"dependencies": [],
			"key": "libgomp1-arm64-cross_14.2.0-4ubuntu2_24.04.1cross1_amd64",
			"name": "libgomp1-arm64-cross",
			"sha256": "8186dd15e27cb872f1d4b963c5adc68094e31b20f60a72211492424e0d3512a1",
			"urls": [
				"https://snapshot.ubuntu.com/ubuntu/20260715T000000Z/pool/main/g/gcc-14-cross/libgomp1-arm64-cross_14.2.0-4ubuntu2~24.04.1cross1_all.deb"
			],
			"version": "14.2.0-4ubuntu2~24.04.1cross1"
		},
		{
			"arch": "amd64",
			"dependencies": [],
			"key": "gcc-13-cross-base_13.3.0-6ubuntu2_24.04.1cross1_amd64",
			"name": "gcc-13-cross-base",
			"sha256": "02676468c2f71d57be2fbd6e6f74462ab419a49db15a1b1f031b2460a2954cd3",
			"urls": [
				"https://snapshot.ubuntu.com/ubuntu/20260715T000000Z/pool/main/g/gcc-13-cross/gcc-13-cross-base_13.3.0-6ubuntu2~24.04.1cross1_all.deb"
			],
			"version": "13.3.0-6ubuntu2~24.04.1cross1"
		},
		{
			"arch": "amd64",
			"dependencies": [
				{
					"key": "zlib1g_1-1.3.dfsg-3.1ubuntu2.1_amd64",
					"name": "zlib1g",
					"version": "1:1.3.dfsg-3.1ubuntu2.1"
				},
				{
					"key": "libc6_2.39-0ubuntu8.7_amd64",
					"name": "libc6",
					"version": "2.39-0ubuntu8.7"
				},
				{
					"key": "libgcc-s1_14.2.0-4ubuntu2_24.04.1_amd64",
					"name": "libgcc-s1",
					"version": "14.2.0-4ubuntu2~24.04.1"
				},
				{
					"key": "gcc-14-base_14.2.0-4ubuntu2_24.04.1_amd64",
					"name": "gcc-14-base",
					"version": "14.2.0-4ubuntu2~24.04.1"
				},
				{
					"key": "libzstd1_1.5.5-p-dfsg2-2build1.1_amd64",
					"name": "libzstd1",
					"version": "1.5.5+dfsg2-2build1.1"
				},
				{
					"key": "libsframe1_2.42-4ubuntu2.10_amd64",
					"name": "libsframe1",
					"version": "2.42-4ubuntu2.10"
				},
				{
					"key": "libjansson4_2.14-2build2_amd64",
					"name": "libjansson4",
					"version": "2.14-2build2"
				},
				{
					"key": "binutils-common_2.42-4ubuntu2.10_amd64",
					"name": "binutils-common",
					"version": "2.42-4ubuntu2.10"
				}
			],
			"key": "binutils-aarch64-linux-gnu_2.42-4ubuntu2.10_amd64",
			"name": "binutils-aarch64-linux-gnu",
			"sha256": "6bb25a05c50681e240b453f6572d8066f2358dee984d0ff1dbcd08852642adf2",
			"urls": [
				"https://snapshot.ubuntu.com/ubuntu/20260715T000000Z/pool/main/b/binutils/binutils-aarch64-linux-gnu_2.42-4ubuntu2.10_amd64.deb"
			],
			"version": "2.42-4ubuntu2.10"
		},
		{
			"arch": "amd64",
			"dependencies": [],
			"key": "libsframe1_2.42-4ubuntu2.10_amd64",
			"name": "libsframe1",
			"sha256": "72093fb456864db55f1352bfa5e952a94f7abaff64e71dff1fbf001db1984564",
			"urls": [
				"https://snapshot.ubuntu.com/ubuntu/20260715T000000Z/pool/main/b/binutils/libsframe1_2.42-4ubuntu2.10_amd64.deb"
			],
			"version": "2.42-4ubuntu2.10"
		},
		{
			"arch": "amd64",
			"dependencies": [],
			"key": "libjansson4_2.14-2build2_amd64",
			"name": "libjansson4",
			"sha256": "0cf79113f5d193ce9af2be2ff4b2c3b30dd4e55a0b6c47f7d28f6c849ff3aa60",
			"urls": [
				"https://snapshot.ubuntu.com/ubuntu/20260715T000000Z/pool/main/j/jansson/libjansson4_2.14-2build2_amd64.deb"
			],
			"version": "2.14-2build2"
		},
		{
			"arch": "amd64",
			"dependencies": [],
			"key": "binutils-common_2.42-4ubuntu2.10_amd64",
			"name": "binutils-common",
			"sha256": "d136073f5e2153f3df11c1d08d66727b9466b28ff483f50085f14bbe3464b5ee",
			"urls": [
				"https://snapshot.ubuntu.com/ubuntu/20260715T000000Z/pool/main/b/binutils/binutils-common_2.42-4ubuntu2.10_amd64.deb"
			],
			"version": "2.42-4ubuntu2.10"
		},
		{
			"arch": "amd64",
			"dependencies": [],
			"key": "libcc1-0_14.2.0-4ubuntu2_24.04.1_amd64",
			"name": "libcc1-0",
			"sha256": "454456436ca767817a860557263d7cc2489f0a410f03efff4c0bb236d579ec09",
			"urls": [
				"https://snapshot.ubuntu.com/ubuntu/20260715T000000Z/pool/main/g/gcc-14/libcc1-0_14.2.0-4ubuntu2~24.04.1_amd64.deb"
			],
			"version": "14.2.0-4ubuntu2~24.04.1"
		},
		{
			"arch": "amd64",
			"dependencies": [],
			"key": "gcc-13-aarch64-linux-gnu-base_13.3.0-6ubuntu2_24.04.1cross1_amd64",
			"name": "gcc-13-aarch64-linux-gnu-base",
			"sha256": "2246058ef9d122c26c9ae9b2ab6843d2504806e68e45c7842dd30dda15e94723",
			"urls": [
				"https://snapshot.ubuntu.com/ubuntu/20260715T000000Z/pool/main/g/gcc-13-cross/gcc-13-aarch64-linux-gnu-base_13.3.0-6ubuntu2~24.04.1cross1_amd64.deb"
			],
			"version": "13.3.0-6ubuntu2~24.04.1cross1"
		},
		{
			"arch": "amd64",
			"dependencies": [],
			"key": "cpp-13-aarch64-linux-gnu_13.3.0-6ubuntu2_24.04.1cross1_amd64",
			"name": "cpp-13-aarch64-linux-gnu",
			"sha256": "6aafe2a7820e497263d871519326dc3e5bcecc0583cc49852c05abda8c1d2e55",
			"urls": [
				"https://snapshot.ubuntu.com/ubuntu/20260715T000000Z/pool/main/g/gcc-13-cross/cpp-13-aarch64-linux-gnu_13.3.0-6ubuntu2~24.04.1cross1_amd64.deb"
			],
			"version": "13.3.0-6ubuntu2~24.04.1cross1"
		},
		{
			"arch": "amd64",
			"dependencies": [],
			"key": "cpp-aarch64-linux-gnu_4-13.2.0-7ubuntu1_amd64",
			"name": "cpp-aarch64-linux-gnu",
			"sha256": "2a56cc0ab879a5751c9b517f228ca0a532447812bf80745f65df4b2f91163b1e",
			"urls": [
				"https://snapshot.ubuntu.com/ubuntu/20260715T000000Z/pool/main/g/gcc-defaults/cpp-aarch64-linux-gnu_13.2.0-7ubuntu1_amd64.deb"
			],
			"version": "4:13.2.0-7ubuntu1"
		},
		{
			"arch": "amd64",
			"dependencies": [
				{
					"key": "linux-libc-dev-arm64-cross_6.8.0-25.25cross1_amd64",
					"name": "linux-libc-dev-arm64-cross",
					"version": "6.8.0-25.25cross1"
				},
				{
					"key": "libc6-arm64-cross_2.39-0ubuntu8cross1_amd64",
					"name": "libc6-arm64-cross",
					"version": "2.39-0ubuntu8cross1"
				}
			],
			"key": "libc6-dev-arm64-cross_2.39-0ubuntu8cross1_amd64",
			"name": "libc6-dev-arm64-cross",
			"sha256": "04c6956de42669a53e620ad04a32475ea0bd4325808c227bf5ba52498f0d3f90",
			"urls": [
				"https://snapshot.ubuntu.com/ubuntu/20260715T000000Z/pool/main/c/cross-toolchain-base/libc6-dev-arm64-cross_2.39-0ubuntu8cross1_all.deb"
			],
			"version": "2.39-0ubuntu8cross1"
		},
		{
			"arch": "amd64",
			"dependencies": [],
			"key": "linux-libc-dev-arm64-cross_6.8.0-25.25cross1_amd64",
			"name": "linux-libc-dev-arm64-cross",
			"sha256": "6a5a00b8ba8de66862e05493def87a5cbbb23b949601e45a5e3cbde56505cb6b",
			"urls": [
				"https://snapshot.ubuntu.com/ubuntu/20260715T000000Z/pool/main/c/cross-toolchain-base/linux-libc-dev-arm64-cross_6.8.0-25.25cross1_all.deb"
			],
			"version": "6.8.0-25.25cross1"
		}
	],
	"version": 1
}