{
	"packages": [
		{
			"arch": "amd64",
			"dependencies": [
				{
					"key": "debianutils_5.7-0.5_deb12u1_amd64",
					"name": "debianutils",
					"version": "5.7-0.5~deb12u1"
				},
				{
					"key": "libc6_2.36-9-p-deb12u9_amd64",
					"name": "libc6",
					"version": "2.36-9+deb12u9"
				},
				{
					"key": "libgcc-s1_12.2.0-14_amd64",
					"name": "libgcc-s1",
					"version": "12.2.0-14"
				},
				{
					"key": "gcc-12-base_12.2.0-14_amd64",
					"name": "gcc-12-base",
					"version": "12.2.0-14"
				},
				{
					"key": "base-files_12.4-p-deb12u8_amd64",
					"name": "base-files",
					"version": "12.4+deb12u8"
				},
				{
					"key": "libtinfo6_6.4-4_amd64",
					"name": "libtinfo6",
					"version": "6.4-4"
				}
			],
			"key": "bash_5.2.15-2-p-b7_amd64",
			"name": "bash",
			"sha256": "d3c65202568384a588ea32017b243fe64ca054943a008cba4e5bd8f9e79975c4",
			"url": "https://deb.debian.org/debian/pool/main/b/bash/bash_5.2.15-2+b7_amd64.deb",
			"version": "5.2.15-2+b7"
		},
		{
			"arch": "amd64",
			"dependencies": [],
			"key": "debianutils_5.7-0.5_deb12u1_amd64",
			"name": "debianutils",
			"sha256": "55f951359670eb3236c9e2ccd5fac9ccb3db734f5a22aff21589e7a30aee48c9",
			"url": "https://deb.debian.org/debian/pool/main/d/debianutils/debianutils_5.7-0.5~deb12u1_amd64.deb",
			"version": "5.7-0.5~deb12u1"
		},
		{
			"arch": "amd64",
			"dependencies": [],
			"key": "libc6_2.36-9-p-deb12u9_amd64",
			"name": "libc6",
			"sha256": "3a043b9dbf1a8c8b5a9e2268253e6dca8c7d431bd7a202fea96364abf374fea9",
			"url": "https://deb.debian.org/debian/pool/main/g/glibc/libc6_2.36-9+deb12u9_amd64.deb",
			"version": "2.36-9+deb12u9"
		},
		{
			"arch": "amd64",
			"dependencies": [],
			"key": "libgcc-s1_12.2.0-14_amd64",
			"name": "libgcc-s1",
			"sha256": "f3d1d48c0599aea85b7f2077a01d285badc42998c1a1e7473935d5cf995c8141",
			"url": "https://deb.debian.org/debian/pool/main/g/gcc-12/libgcc-s1_12.2.0-14_amd64.deb",
			"version": "12.2.0-14"
		},
		{
			"arch": "amd64",
			"dependencies": [],
			"key": "gcc-12-base_12.2.0-14_amd64",
			"name": "gcc-12-base",
			"sha256": "1a03df5a57833d65b5bb08cfa19d50e76f29088dc9e64fb934af42d9023a0807",
			"url": "https://deb.debian.org/debian/pool/main/g/gcc-12/gcc-12-base_12.2.0-14_amd64.deb",
			"version": "12.2.0-14"
		},
		{
			"arch": "amd64",
			"dependencies": [],
			"key": "base-files_12.4-p-deb12u8_amd64",
			"name": "base-files",
			"sha256": "b961a69d1b79f093597d89a96f296ddca17d3bab9d166361c42f07a6beb4f685",
			"url": "https://deb.debian.org/debian/pool/main/b/base-files/base-files_12.4+deb12u8_amd64.deb",
			"version": "12.4+deb12u8"
		},
		{
			"arch": "amd64",
			"dependencies": [],
			"key": "libtinfo6_6.4-4_amd64",
			"name": "libtinfo6",
			"sha256": "072d908f38f51090ca28ca5afa3b46b2957dc61fe35094c0b851426859a49a51",
			"url": "https://deb.debian.org/debian/pool/main/n/ncurses/libtinfo6_6.4-4_amd64.deb",
			"version": "6.4-4"
		},
		{
			"arch": "amd64",
			"dependencies": [
				{
					"key": "libc6_2.36-9-p-deb12u9_amd64",
					"name": "libc6",
					"version": "2.36-9+deb12u9"
				},
				{
					"key": "libgcc-s1_12.2.0-14_amd64",
					"name": "libgcc-s1",
					"version": "12.2.0-14"
				},
				{
					"key": "gcc-12-base_12.2.0-14_amd64",
					"name": "gcc-12-base",
					"version": "12.2.0-14"
				}
			],
			"key": "zlib1g_1-1.2.13.dfsg-1_amd64",
			"name": "zlib1g",
			"sha256": "d7dd1d1411fedf27f5e27650a6eff20ef294077b568f4c8c5e51466dc7c08ce4",
			"url": "https://deb.debian.org/debian/pool/main/z/zlib/zlib1g_1.2.13.dfsg-1_amd64.deb",
			"version": "1:1.2.13.dfsg-1"
		},
		{
			"arch": "amd64",
			"dependencies": [
				{
					"key": "zlib1g_1-1.2.13.dfsg-1_amd64",
					"name": "zlib1g",
					"version": "1:1.2.13.dfsg-1"
				},
				{
					"key": "libc6_2.36-9-p-deb12u9_amd64",
					"name": "libc6",
					"version": "2.36-9+deb12u9"
				},
				{
					"key": "libgcc-s1_12.2.0-14_amd64",
					"name": "libgcc-s1",
					"version": "12.2.0-14"
				},
				{
					"key": "gcc-12-base_12.2.0-14_amd64",
					"name": "gcc-12-base",
					"version": "12.2.0-14"
				},
				{
					"key": "liblzma5_5.4.1-0.2_amd64",
					"name": "liblzma5",
					"version": "5.4.1-0.2"
				},
				{
					"key": "libicu72_72.1-3_amd64",
					"name": "libicu72",
					"version": "72.1-3"
				},
				{
					"key": "libstdc-p--p-6_12.2.0-14_amd64",
					"name": "libstdc++6",
					"version": "12.2.0-14"
				}
			],
			"key": "libxml2_2.9.14-p-dfsg-1.3_deb12u1_amd64",
			"name": "libxml2",
			"sha256": "35b76cb7038fc1c940204a4f05f33ffb79d027353ce469397d9adcf8f9b3e1a7",
			"url": "https://deb.debian.org/debian/pool/main/libx/libxml2/libxml2_2.9.14+dfsg-1.3~deb12u1_amd64.deb",
			"version": "2.9.14+dfsg-1.3~deb12u1"
		},
		{
			"arch": "amd64",
			"dependencies": [],
			"key": "liblzma5_5.4.1-0.2_amd64",
			"name": "liblzma5",
			"sha256": "d4b7736e58512a2b047f9cb91b71db5a3cf9d3451192fc6da044c77bf51fe869",
			"url": "https://deb.debian.org/debian/pool/main/x/xz-utils/liblzma5_5.4.1-0.2_amd64.deb",
			"version": "5.4.1-0.2"
		},
		{
			"arch": "amd64",
			"dependencies": [],
			"key": "libicu72_72.1-3_amd64",
			"name": "libicu72",
			"sha256": "e239c1c9f52bee0ff627f291552d63691b765ec7c5cdf6de7c7ae4dec0275857",
			"url": "https://deb.debian.org/debian/pool/main/i/icu/libicu72_72.1-3_amd64.deb",
			"version": "72.1-3"
		},
		{
			"arch": "amd64",
			"dependencies": [],
			"key": "libstdc-p--p-6_12.2.0-14_amd64",
			"name": "libstdc++6",
			"sha256": "9b1b269020cec6aced3b39f096f7b67edd1f0d4ab24f412cb6506d0800e19cbf",
			"url": "https://deb.debian.org/debian/pool/main/g/gcc-12/libstdc++6_12.2.0-14_amd64.deb",
			"version": "12.2.0-14"
		},
		{
			"arch": "amd64",
			"dependencies": [],
			"key": "aws-neuronx-runtime-lib_2.22.19.0-5856c0b42_amd64",
			"name": "aws-neuronx-runtime-lib",
			"sha256": "f952dad4f615f2881a0bf93ba5132d308fdfa697a78a09e2e1653a6c4704222d",
			"url": "https://apt.repos.neuron.amazonaws.com/pool/main/a/aws-neuronx-runtime-lib/aws-neuronx-runtime-lib_2.22.19.0-5856c0b42_amd64.deb",
			"version": "2.22.19.0-5856c0b42"
		},
		{
			"arch": "amd64",
			"dependencies": [],
			"key": "aws-neuronx-collectives_2.22.33.0-d2128d1aa_amd64",
			"name": "aws-neuronx-collectives",
			"sha256": "1eadead90a7daf6056a10a09d0ac3b72a3e885e6fedacd14b53a11a30d9774b3",
			"url": "https://apt.repos.neuron.amazonaws.com/pool/main/a/aws-neuronx-collectives/aws-neuronx-collectives_2.22.33.0-d2128d1aa_amd64.deb",
			"version": "2.22.33.0-d2128d1aa"
		}
	],
	"version": 1
}