{
	"packages": [
		{
			"arch": "amd64",
			"dependencies": [
				{
					"key": "libc6_2.41-6ubuntu1_amd64",
					"name": "libc6",
					"version": "2.41-6ubuntu1"
				},
				{
					"key": "libgcc-s1_15-20250404-0ubuntu1_amd64",
					"name": "libgcc-s1",
					"version": "15-20250404-0ubuntu1"
				},
				{
					"key": "gcc-15-base_15-20250404-0ubuntu1_amd64",
					"name": "gcc-15-base",
					"version": "15-20250404-0ubuntu1"
				}
			],
			"key": "zlib1g_1-1.3.dfsg-p-really1.3.1-1ubuntu1_amd64",
			"name": "zlib1g",
			"sha256": "bf8e492a5ee29396802e0c8f1608a9926df9fac0174388d174f1e2b919f79bfa",
			"urls": [
				"https://snapshot.ubuntu.com/ubuntu/20250711T030400Z/pool/main/z/zlib/zlib1g_1.3.dfsg+really1.3.1-1ubuntu1_amd64.deb"
			],
			"version": "1:1.3.dfsg+really1.3.1-1ubuntu1"
		},
		{
			"arch": "amd64",
			"dependencies": [],
			"key": "libc6_2.41-6ubuntu1_amd64",
			"name": "libc6",
			"sha256": "743a33da03555867b0ba70f6575e40d9c081fe724c44a7316c43f0530c8d9d0b",
			"urls": [
				"https://snapshot.ubuntu.com/ubuntu/20250711T030400Z/pool/main/g/glibc/libc6_2.41-6ubuntu1_amd64.deb"
			],
			"version": "2.41-6ubuntu1"
		},
		{
			"arch": "amd64",
			"dependencies": [],
			"key": "libgcc-s1_15-20250404-0ubuntu1_amd64",
			"name": "libgcc-s1",
			"sha256": "0befdca610af390f03e87c0e63eac717425f8d33d570f99bd6197ecbe6f334a5",
			"urls": [
				"https://snapshot.ubuntu.com/ubuntu/20250711T030400Z/pool/main/g/gcc-15/libgcc-s1_15-20250404-0ubuntu1_amd64.deb"
			],
			"version": "15-20250404-0ubuntu1"
		},
		{
			"arch": "amd64",
			"dependencies": [],
			"key": "gcc-15-base_15-20250404-0ubuntu1_amd64",
			"name": "gcc-15-base",
			"sha256": "5bad638f6288ab3fee0c7d11f37d47946c7b0d806dae257aeea968e2507deb1d",
			"urls": [
				"https://snapshot.ubuntu.com/ubuntu/20250711T030400Z/pool/main/g/gcc-15/gcc-15-base_15-20250404-0ubuntu1_amd64.deb"
			],
			"version": "15-20250404-0ubuntu1"
		}
	],
	"version": 1
}