{
	"packages": [
		{
			"arch": "amd64",
			"dependencies": [],
			"key": "intel-oneapi-compiler-dpcpp-cpp-runtime-2026.0_2026.0.0-947_amd64",
			"name": "intel-oneapi-compiler-dpcpp-cpp-runtime-2026.0",
			"sha256": "b7db83a2c8ad06ab5f080fb5ec7c5b004353157f92c0ddb9af3ece0422d9a249",
			"urls": [
				"https://apt.repos.intel.com/oneapi/pool/main/intel-oneapi-compiler-dpcpp-cpp-runtime-2026.0-2026.0.0-947_amd64.deb"
			],
			"version": "2026.0.0-947"
		},
		{
			"arch": "amd64",
			"dependencies": [],
			"key": "intel-oneapi-compiler-shared-runtime-2026.0_2026.0.0-947_amd64",
			"name": "intel-oneapi-compiler-shared-runtime-2026.0",
			"sha256": "0357c84d73cee0af8d4c682bdb290908bf842885e8c24936f3e7e58159e9745e",
			"urls": [
				"https://apt.repos.intel.com/oneapi/pool/main/intel-oneapi-compiler-shared-runtime-2026.0-2026.0.0-947_amd64.deb"
			],
			"version": "2026.0.0-947"
		},
		{
			"arch": "amd64",
			"dependencies": [],
			"key": "intel-oneapi-mkl-core-2026.0_2026.0.0-908_amd64",
			"name": "intel-oneapi-mkl-core-2026.0",
			"sha256": "3cc588084e9820af237c90dba4c1546e50f2d7e02a15d0072504ed4ccf764ec0",
			"urls": [
				"https://apt.repos.intel.com/oneapi/pool/main/intel-oneapi-mkl-core-2026.0-2026.0.0-908_amd64.deb"
			],
			"version": "2026.0.0-908"
		},
		{
			"arch": "amd64",
			"dependencies": [],
			"key": "intel-oneapi-mkl-sycl-blas-2026.0_2026.0.0-908_amd64",
			"name": "intel-oneapi-mkl-sycl-blas-2026.0",
			"sha256": "b32078f1805ab126f78333276bb860f288d3a2785dc101b4b9df499cd35fa76d",
			"urls": [
				"https://apt.repos.intel.com/oneapi/pool/main/intel-oneapi-mkl-sycl-blas-2026.0-2026.0.0-908_amd64.deb"
			],
			"version": "2026.0.0-908"
		},
		{
			"arch": "amd64",
			"dependencies": [],
			"key": "intel-oneapi-tcm-1.5_1.5.0-489_amd64",
			"name": "intel-oneapi-tcm-1.5",
			"sha256": "7122ed7748d54342b24f0a2838a64f24b54e430ac4d06b2961a8eefee4ffb089",
			"urls": [
				"https://apt.repos.intel.com/oneapi/pool/main/intel-oneapi-tcm-1.5-1.5.0-489_amd64.deb"
			],
			"version": "1.5.0-489"
		},
		{
			"arch": "amd64",
			"dependencies": [],
			"key": "intel-oneapi-umf-1.1_1.1.0-340_amd64",
			"name": "intel-oneapi-umf-1.1",
			"sha256": "8705a997042c76f67228b4135184754e1cd3f8f68b6629bcb261c1d5b958ce78",
			"urls": [
				"https://apt.repos.intel.com/oneapi/pool/main/intel-oneapi-umf-1.1-1.1.0-340_amd64.deb"
			],
			"version": "1.1.0-340"
		},
		{
			"arch": "amd64",
			"dependencies": [],
			"key": "zlib1g_1-1.3.dfsg-3.1ubuntu2.1_amd64",
			"name": "zlib1g",
			"sha256": "7074b6a2f6367a10d280c00a1cb02e74277709180bab4f2491a2f355ab2d6c20",
			"urls": [
				"https://archive.ubuntu.com/ubuntu/pool/main/z/zlib/zlib1g_1.3.dfsg-3.1ubuntu2.1_amd64.deb"
			],
			"version": "1:1.3.dfsg-3.1ubuntu2.1"
		}
	]
}
